{
  "version": "3",
  "packages": {
    "specifiers": {
      "jsr:@std/collections@^1.0.0-rc.1": "jsr:@std/collections@1.0.1",
      "jsr:@std/encoding@^0.224.3": "jsr:@std/encoding@0.224.3",
      "jsr:@std/toml@^0.224.1": "jsr:@std/toml@0.224.1"
    },
    "jsr": {
      "@std/collections@1.0.1": {
        "integrity": "219845cdf0e9a41ef9219f9acce145722e938104efbc2edd0dfa00d84e2d4dfe"
      },
      "@std/encoding@0.224.3": {
        "integrity": "5e861b6d81be5359fad4155e591acf17c0207b595112d1840998bb9f476dbdaf"
      },
      "@std/toml@0.224.1": {
        "integrity": "c364b9ca3b18207223c4e2a1f652ef2970ff80967f7575ddf89b6b0565a17148",
        "dependencies": [
          "jsr:@std/collections@^1.0.0-rc.1"
        ]
      }
    }
  },
  "remote": {},
  "workspace": {
    "dependencies": [
      "jsr:@std/encoding@^0.224.3",
      "jsr:@std/toml@^0.224.1"
    ]
  }
}
